<?xml version="1.0" encoding="utf-8"?>
<Project ToolsVersion="4.0" xmlns="http://schemas.microsoft.com/developer/msbuild/2003">
  <ItemGroup>
    <ClCompile Include="device.c">
      <Filter>SourceFiles</Filter>
    </ClCompile>
    <ClCompile Include="driver.c">
      <Filter>SourceFiles</Filter>
    </ClCompile>
    <ClCompile Include="queue.c">
      <Filter>SourceFiles</Filter>
    </ClCompile>
  </ItemGroup>
  <ItemGroup>
    <ClInclude Include="device.h">
      <Filter>HeaderFiles</Filter>
    </ClInclude>
    <ClInclude Include="driver.h">
      <Filter>HeaderFiles</Filter>
    </ClInclude>
    <ClInclude Include="queue.h">
      <Filter>HeaderFiles</Filter>
    </ClInclude>
    <ClInclude Include="wpp.h">
      <Filter>HeaderFiles</Filter>
    </ClInclude>
  </ItemGroup>
  <ItemGroup>
    <Inf Include=".\EchoUm.inx" />
  </ItemGroup>
  <ItemGroup>
    <Filter Include="HeaderFiles">
      <UniqueIdentifier>{bc32e8b8-456e-40b3-b885-3f673d83a762}</UniqueIdentifier>
    </Filter>
    <Filter Include="SourceFiles">
      <UniqueIdentifier>{7ac69630-dfb4-4526-806f-663da7b1c354}</UniqueIdentifier>
    </Filter>
  </ItemGroup>
</Project>